<?xml version="1.0" encoding="utf-8"?>
<Project ToolsVersion="4.0" xmlns="http://schemas.microsoft.com/developer/msbuild/2003">
  <ItemGroup>
    <Filter Include="98.Default">
      <UniqueIdentifier>{4c60a9de-ab68-40ea-be49-c175f6e72b12}</UniqueIdentifier>
    </Filter>
    <Filter Include="99.Defines">
      <UniqueIdentifier>{1733b396-2ebf-4aae-89c7-b6a79159bd1f}</UniqueIdentifier>
    </Filter>
    <Filter Include="00.MainApp">
      <UniqueIdentifier>{eeb94d16-52c8-4fe6-975e-23fb19d6d9d4}</UniqueIdentifier>
    </Filter>
    <Filter Include="01.Levels">
      <UniqueIdentifier>{4a310bcd-0aca-4202-a14c-10a94917a54b}</UniqueIdentifier>
    </Filter>
    <Filter Include="02.GameObject">
      <UniqueIdentifier>{02d06721-e0d5-48ff-934f-845505b7e18a}</UniqueIdentifier>
    </Filter>
    <Filter Include="01.Levels\00.Logo">
      <UniqueIdentifier>{0fb4fa79-19f8-4501-9702-40d365499aa6}</UniqueIdentifier>
    </Filter>
    <Filter Include="01.Levels\01.GamePlay">
      <UniqueIdentifier>{7abfbfe6-1f84-4f74-a531-bb2ab4b87973}</UniqueIdentifier>
    </Filter>
    <Filter Include="01.Levels\90.Loading">
      <UniqueIdentifier>{34ff299b-e70b-4111-9d11-0c83819fad43}</UniqueIdentifier>
    </Filter>
    <Filter Include="01.Levels\90.Loading\Loader">
      <UniqueIdentifier>{40eefcc0-b862-4ffd-a427-9eab317e11a2}</UniqueIdentifier>
    </Filter>
    <Filter Include="97.ShaderFiles">
      <UniqueIdentifier>{7e5fdfe4-62f8-416c-9389-65a5e1c69ffd}</UniqueIdentifier>
    </Filter>
    <Filter Include="02.GameObject\00. BackGround">
      <UniqueIdentifier>{02032d48-d0b7-4b4b-945b-7c4fa61e4a66}</UniqueIdentifier>
    </Filter>
    <Filter Include="02.GameObject\01. Terrain">
      <UniqueIdentifier>{0636ab8b-9763-4e43-8995-2ebbf85caaf6}</UniqueIdentifier>
    </Filter>
    <Filter Include="02.GameObject\03.Cube">
      <UniqueIdentifier>{8fb728f3-c210-4518-8893-74ed87330d26}</UniqueIdentifier>
    </Filter>
    <Filter Include="02.GameObject\04. UI">
      <UniqueIdentifier>{aa966d47-c171-4a5e-ac47-de4823baf0f0}</UniqueIdentifier>
    </Filter>
    <Filter Include="02.GameObject\05. Player">
      <UniqueIdentifier>{370b9da1-0a5b-4d08-afd8-e697699efec5}</UniqueIdentifier>
    </Filter>
    <Filter Include="02.GameObject\06. Monster">
      <UniqueIdentifier>{90a30566-ac2e-4c6d-924d-58d5e4aa4e75}</UniqueIdentifier>
    </Filter>
    <Filter Include="02.GameObject\06. Monster\Boss_00">
      <UniqueIdentifier>{4cc3b2b5-099f-4446-a959-5bfb64114b67}</UniqueIdentifier>
    </Filter>
    <Filter Include="02.GameObject\TileMesh">
      <UniqueIdentifier>{0fc7bcd6-04a7-4d24-86b2-2e3261b77692}</UniqueIdentifier>
    </Filter>
    <Filter Include="02.GameObject\07. SkyBox">
      <UniqueIdentifier>{267a53e6-12d7-4b74-9d4c-f0a4a5a0595c}</UniqueIdentifier>
    </Filter>
    <Filter Include="02.GameObject\04. UI\Player">
      <UniqueIdentifier>{1aae8731-1076-4542-84fd-486c5beadc93}</UniqueIdentifier>
    </Filter>
    <Filter Include="02.GameObject\04. UI\Player\Rage_Skill">
      <UniqueIdentifier>{87fac159-4765-4435-a15a-36fea5feea0d}</UniqueIdentifier>
    </Filter>
    <Filter Include="02.GameObject\04. UI\Player\Skill">
      <UniqueIdentifier>{4a926acd-8be4-4ac8-b19d-330076179336}</UniqueIdentifier>
    </Filter>
    <Filter Include="02.GameObject\04. UI\Player\RoundUI">
      <UniqueIdentifier>{fc9f83ad-dc9b-4487-bbd0-492131dca5a8}</UniqueIdentifier>
    </Filter>
    <Filter Include="02.GameObject\04. UI\Player\MPBar">
      <UniqueIdentifier>{a9e4b8ad-41a8-450a-805e-9faef2b45e7d}</UniqueIdentifier>
    </Filter>
    <Filter Include="02.GameObject\04. UI\Player\HPBar">
      <UniqueIdentifier>{7ee254bc-6f93-4650-94bf-b1446450f330}</UniqueIdentifier>
    </Filter>
    <Filter Include="02.GameObject\05. Player\Part">
      <UniqueIdentifier>{4554f805-b6bc-4f62-995a-bd86f0032b6a}</UniqueIdentifier>
    </Filter>
    <Filter Include="02.GameObject\05. Player\Part\Hair">
      <UniqueIdentifier>{4e259dc7-bcc7-477d-abba-0edf187ebb1b}</UniqueIdentifier>
    </Filter>
    <Filter Include="02.GameObject\05. Player\Part\Top">
      <UniqueIdentifier>{2aa72054-64ab-49e3-ade1-7fa8e840cef7}</UniqueIdentifier>
    </Filter>
    <Filter Include="02.GameObject\05. Player\Part\Pant">
      <UniqueIdentifier>{559dee5a-9b7d-4bca-ae84-a6ec4213eb41}</UniqueIdentifier>
    </Filter>
    <Filter Include="02.GameObject\05. Player\Weapon">
      <UniqueIdentifier>{75f234b9-c12a-4496-95f1-8faaad038354}</UniqueIdentifier>
    </Filter>
    <Filter Include="02.GameObject\05. Player\Weapon\SwordShield">
      <UniqueIdentifier>{ea3e2b8c-cf6e-4861-acc0-b1a30891d6de}</UniqueIdentifier>
    </Filter>
    <Filter Include="02.GameObject\05. Player\Weapon\Karma14">
      <UniqueIdentifier>{9b7d2fe8-a816-4a95-ba1e-62035d408407}</UniqueIdentifier>
    </Filter>
    <Filter Include="02.GameObject\05. Player\Head">
      <UniqueIdentifier>{d3aa1365-11a5-4a2b-a0de-e72e73126680}</UniqueIdentifier>
    </Filter>
    <Filter Include="02.GameObject\05. Player\Body">
      <UniqueIdentifier>{15a14a08-9bd9-48df-9d13-5ec96e0c619f}</UniqueIdentifier>
    </Filter>
    <Filter Include="02.GameObject\02.Camera">
      <UniqueIdentifier>{ee67a341-39ae-4d77-9e3c-978bcaa3321a}</UniqueIdentifier>
    </Filter>
    <Filter Include="02.GameObject\02.Camera\Dynamic">
      <UniqueIdentifier>{dd2c3574-4635-41b4-86e7-4ebd535840c1}</UniqueIdentifier>
    </Filter>
    <Filter Include="02.GameObject\02.Camera\Target">
      <UniqueIdentifier>{17e46b3f-0e62-4794-8e34-87605e41d199}</UniqueIdentifier>
    </Filter>
  </ItemGroup>
  <ItemGroup>
    <Text Include="ReadMe.txt" />
  </ItemGroup>
  <ItemGroup>
    <ClInclude Include="Client.h">
      <Filter>98.Default</Filter>
    </ClInclude>
    <ClInclude Include="Resource.h">
      <Filter>98.Default</Filter>
    </ClInclude>
    <ClInclude Include="stdafx.h">
      <Filter>98.Default</Filter>
    </ClInclude>
    <ClInclude Include="targetver.h">
      <Filter>98.Default</Filter>
    </ClInclude>
    <ClInclude Include="..\Public\Client_Defines.h">
      <Filter>99.Defines</Filter>
    </ClInclude>
    <ClInclude Include="..\public\MainApp.h">
      <Filter>00.MainApp</Filter>
    </ClInclude>
    <ClInclude Include="..\Public\Logo.h">
      <Filter>01.Levels\00.Logo</Filter>
    </ClInclude>
    <ClInclude Include="..\Public\GamePlay.h">
      <Filter>01.Levels\01.GamePlay</Filter>
    </ClInclude>
    <ClInclude Include="..\Public\Loader.h">
      <Filter>01.Levels\90.Loading\Loader</Filter>
    </ClInclude>
    <ClInclude Include="..\Public\Loading.h">
      <Filter>01.Levels\90.Loading</Filter>
    </ClInclude>
    <ClInclude Include="..\Public\BackGround.h">
      <Filter>02.GameObject\00. BackGround</Filter>
    </ClInclude>
    <ClInclude Include="..\Public\Terrain.h">
      <Filter>02.GameObject\01. Terrain</Filter>
    </ClInclude>
    <ClInclude Include="..\Public\Cube.h">
      <Filter>02.GameObject\03.Cube</Filter>
    </ClInclude>
    <ClInclude Include="..\Public\Monster.h">
      <Filter>02.GameObject\06. Monster</Filter>
    </ClInclude>
    <ClInclude Include="..\Public\TestTile.h">
      <Filter>02.GameObject\TileMesh</Filter>
    </ClInclude>
    <ClInclude Include="..\Public\PlayerHPBar.h">
      <Filter>02.GameObject\04. UI\Player\HPBar</Filter>
    </ClInclude>
    <ClInclude Include="..\Public\PlayerMPBar.h">
      <Filter>02.GameObject\04. UI\Player\MPBar</Filter>
    </ClInclude>
    <ClInclude Include="..\Public\PlayerRageSkill.h">
      <Filter>02.GameObject\04. UI\Player\Rage_Skill</Filter>
    </ClInclude>
    <ClInclude Include="..\Public\PlayerSkill.h">
      <Filter>02.GameObject\04. UI\Player\Skill</Filter>
    </ClInclude>
    <ClInclude Include="..\Public\Player_Body.h">
      <Filter>02.GameObject\05. Player\Body</Filter>
    </ClInclude>
    <ClInclude Include="..\Public\Weapon.h">
      <Filter>02.GameObject\05. Player\Weapon</Filter>
    </ClInclude>
    <ClInclude Include="..\Public\Hair.h">
      <Filter>02.GameObject\05. Player\Part\Hair</Filter>
    </ClInclude>
    <ClInclude Include="..\Public\PlayerTop.h">
      <Filter>02.GameObject\05. Player\Part\Top</Filter>
    </ClInclude>
    <ClInclude Include="..\Public\Player.h">
      <Filter>02.GameObject\05. Player\Head</Filter>
    </ClInclude>
    <ClInclude Include="..\Public\DynamicCamera.h">
      <Filter>02.GameObject\02.Camera\Dynamic</Filter>
    </ClInclude>
    <ClInclude Include="..\Public\TargetCamera.h">
      <Filter>02.GameObject\02.Camera\Target</Filter>
    </ClInclude>
  </ItemGroup>
  <ItemGroup>
    <ClCompile Include="Client.cpp">
      <Filter>98.Default</Filter>
    </ClCompile>
    <ClCompile Include="stdafx.cpp">
      <Filter>98.Default</Filter>
    </ClCompile>
    <ClCompile Include="..\Private\MainApp.cpp">
      <Filter>00.MainApp</Filter>
    </ClCompile>
    <ClCompile Include="..\Private\Logo.cpp">
      <Filter>01.Levels\00.Logo</Filter>
    </ClCompile>
    <ClCompile Include="..\Private\GamePlay.cpp">
      <Filter>01.Levels\01.GamePlay</Filter>
    </ClCompile>
    <ClCompile Include="..\Private\Loader.cpp">
      <Filter>01.Levels\90.Loading\Loader</Filter>
    </ClCompile>
    <ClCompile Include="..\Private\Loading.cpp">
      <Filter>01.Levels\90.Loading</Filter>
    </ClCompile>
    <ClCompile Include="..\Private\BackGround.cpp">
      <Filter>02.GameObject\00. BackGround</Filter>
    </ClCompile>
    <ClCompile Include="..\Private\Terrain.cpp">
      <Filter>02.GameObject\01. Terrain</Filter>
    </ClCompile>
    <ClCompile Include="..\Private\Cube.cpp">
      <Filter>02.GameObject\03.Cube</Filter>
    </ClCompile>
    <ClCompile Include="..\Private\Monster.cpp">
      <Filter>02.GameObject\06. Monster</Filter>
    </ClCompile>
    <ClCompile Include="..\Private\TestTile.cpp">
      <Filter>02.GameObject\TileMesh</Filter>
    </ClCompile>
    <ClCompile Include="..\Private\PlayerHPBar.cpp">
      <Filter>02.GameObject\04. UI\Player\HPBar</Filter>
    </ClCompile>
    <ClCompile Include="..\Private\PlayerMPBar.cpp">
      <Filter>02.GameObject\04. UI\Player\MPBar</Filter>
    </ClCompile>
    <ClCompile Include="..\Private\PlayerRageSkill.cpp">
      <Filter>02.GameObject\04. UI\Player\Rage_Skill</Filter>
    </ClCompile>
    <ClCompile Include="..\Private\PlayerSkill.cpp">
      <Filter>02.GameObject\04. UI\Player\Skill</Filter>
    </ClCompile>
    <ClCompile Include="..\Private\Player_Body.cpp">
      <Filter>02.GameObject\05. Player\Body</Filter>
    </ClCompile>
    <ClCompile Include="..\Private\Weapon.cpp">
      <Filter>02.GameObject\05. Player\Weapon</Filter>
    </ClCompile>
    <ClCompile Include="..\Private\Hair.cpp">
      <Filter>02.GameObject\05. Player\Part\Hair</Filter>
    </ClCompile>
    <ClCompile Include="..\Private\PlayerTop.cpp">
      <Filter>02.GameObject\05. Player\Part\Top</Filter>
    </ClCompile>
    <ClCompile Include="..\Private\Player.cpp">
      <Filter>02.GameObject\05. Player\Head</Filter>
    </ClCompile>
    <ClCompile Include="..\Private\DynamicCamera.cpp">
      <Filter>02.GameObject\02.Camera\Dynamic</Filter>
    </ClCompile>
    <ClCompile Include="..\Private\TargetCamera.cpp">
      <Filter>02.GameObject\02.Camera\Target</Filter>
    </ClCompile>
  </ItemGroup>
  <ItemGroup>
    <Image Include="Client.ico">
      <Filter>98.Default</Filter>
    </Image>
    <Image Include="small.ico">
      <Filter>98.Default</Filter>
    </Image>
  </ItemGroup>
  <ItemGroup>
    <ResourceCompile Include="Client.rc">
      <Filter>98.Default</Filter>
    </ResourceCompile>
  </ItemGroup>
  <ItemGroup>
    <FxCompile Include="..\Bin\ShaderFiles\Shader_VtxTex.hlsl">
      <Filter>97.ShaderFiles</Filter>
    </FxCompile>
    <FxCompile Include="..\Bin\ShaderFiles\Shader_VtxTerrain.hlsl">
      <Filter>97.ShaderFiles</Filter>
    </FxCompile>
    <FxCompile Include="..\Bin\ShaderFiles\Shader_VtxModel.hlsl">
      <Filter>97.ShaderFiles</Filter>
    </FxCompile>
    <FxCompile Include="..\Bin\ShaderFiles\Shader_VtxAnimModel.hlsl">
      <Filter>97.ShaderFiles</Filter>
    </FxCompile>
  </ItemGroup>
</Project>